{
  "lockfileVersion": 1,
  "configVersion": 1,
  "workspaces": {
    "": {
      "name": "ibc-link-deploy",
      "dependencies": {
        "@openzeppelin/contracts": "5.6.1",
        "forge-std": "github:foundry-rs/forge-std#v1.15.0",
      },
    },
  },
  "packages": {
    "@openzeppelin/contracts": ["@openzeppelin/contracts@5.6.1", "", {}, "sha512-Ly6SlsVJ3mj+b18W3R8gNufB7dTICT105fJhodGAGgyC2oqnBAhqSiNDJ8V8DLY05cCz81GLI0CU5vNYA1EC/w=="],

    "forge-std": ["forge-std@github:foundry-rs/forge-std#0844d7e", {}, "foundry-rs-forge-std-0844d7e"],
  }
}
