{
  "lockfileVersion": 1,
  "configVersion": 1,
  "workspaces": {
    "": {
      "name": "@ibc-cli/solidity-ibc-contract-artifacts",
      "dependencies": {
        "@cosmos/solidity-ibc-eureka": "github:cosmos/ibc-contracts#b9ceb3c5518a0ad4d40cc1ce8a53c6d6f7210a93",
        "@openzeppelin/contracts": "5.7.0",
        "@openzeppelin/contracts-upgradeable": "5.7.0",
      },
    },
  },
  "packages": {
    "@cosmos/solidity-ibc-eureka": ["ibc-contracts@github:cosmos/ibc-contracts#b9ceb3c", {}, "cosmos-ibc-contracts-b9ceb3c", "sha512-ABEGUVJhluHNA4EVp0YNDr8RjFiNC+hUzT0emL5j90WPt+YYkQ0MpR1uxwhvzcAJ3xsUXIJZnM5PPNNj8Z9xjQ=="],

    "@openzeppelin/contracts": ["@openzeppelin/contracts@5.7.0", "", {}, "sha512-IL2AZpI+7THMzt1u6Cxmc1zLwVnudtUGvrqXQ/HnbLKfQ/8dIWMMQPDwPIjRQzNrlAo4cxZaCGRB/XvwPo9ILA=="],

    "@openzeppelin/contracts-upgradeable": ["@openzeppelin/contracts-upgradeable@5.7.0", "", { "peerDependencies": { "@openzeppelin/contracts": "5.7.0" } }, "sha512-dHA/P3AFsnNXcv82Kge/v35kK0ByNe1EFv4vvOnl//lc8svwRcj5i/bdXd5mdMolD4rjSKy6EWOwc6+7h1gjaQ=="],
  }
}
